// !$*UTF8*$!
{
	archiveVersion = 1;
	classes = {
	};
	objectVersion = 46;
	objects = {

/* Begin PBXBuildFile section */
		86EF2BE31D19259E0038B36F /* AppDelegate.swift in Sources */ = {isa = PBXBuildFile; fileRef = 86EF2BE21D19259E0038B36F /* AppDelegate.swift */; };
		86EF2BEA1D19259E0038B36F /* Assets.xcassets in Resources */ = {isa = PBXBuildFile; fileRef = 86EF2BE91D19259E0038B36F /* Assets.xcassets */; };
		86EF2C0E1D1928B90038B36F /* AD in Resources */ = {isa = PBXBuildFile; fileRef = 86EF2BFA1D1928B90038B36F /* AD */; };
		86EF2C0F1D1928B90038B36F /* FocusURL.plist in Resources */ = {isa = PBXBuildFile; fileRef = 86EF2BFB1D1928B90038B36F /* FocusURL.plist */; };
		86EF2C101D1928B90038B36F /* HelpPlist.plist in Resources */ = {isa = PBXBuildFile; fileRef = 86EF2BFC1D1928B90038B36F /* HelpPlist.plist */; };
		86EF2C111D1928B90038B36F /* Mine in Resources */ = {isa = PBXBuildFile; fileRef = 86EF2BFD1D1928B90038B36F /* Mine */; };
		86EF2C121D1928B90038B36F /* MinePlist.plist in Resources */ = {isa = PBXBuildFile; fileRef = 86EF2BFE1D1928B90038B36F /* MinePlist.plist */; };
		86EF2C131D1928B90038B36F /* MyAdress in Resources */ = {isa = PBXBuildFile; fileRef = 86EF2BFF1D1928B90038B36F /* MyAdress */; };
		86EF2C141D1928B90038B36F /* MyCoupon in Resources */ = {isa = PBXBuildFile; fileRef = 86EF2C001D1928B90038B36F /* MyCoupon */; };
		86EF2C151D1928B90038B36F /* MyOrders in Resources */ = {isa = PBXBuildFile; fileRef = 86EF2C011D1928B90038B36F /* MyOrders */; };
		86EF2C161D1928B90038B36F /* Search in Resources */ = {isa = PBXBuildFile; fileRef = 86EF2C021D1928B90038B36F /* Search */; };
		86EF2C171D1928B90038B36F /* SearchProduct in Resources */ = {isa = PBXBuildFile; fileRef = 86EF2C031D1928B90038B36F /* SearchProduct */; };
		86EF2C181D1928B90038B36F /* supermarket in Resources */ = {isa = PBXBuildFile; fileRef = 86EF2C041D1928B90038B36F /* supermarket */; };
		86EF2C191D1928B90038B36F /* SystemMessage in Resources */ = {isa = PBXBuildFile; fileRef = 86EF2C051D1928B90038B36F /* SystemMessage */; };
		86EF2C1A1D1928B90038B36F /* UserMessage in Resources */ = {isa = PBXBuildFile; fileRef = 86EF2C061D1928B90038B36F /* UserMessage */; };
		86EF2C1B1D1928B90038B36F /* 促销 in Resources */ = {isa = PBXBuildFile; fileRef = 86EF2C071D1928B90038B36F /* 促销 */; };
		86EF2C1C1D1928B90038B36F /* 系统消息 in Resources */ = {isa = PBXBuildFile; fileRef = 86EF2C081D1928B90038B36F /* 系统消息 */; };
		86EF2C1D1D1928B90038B36F /* 首页新鲜热卖 in Resources */ = {isa = PBXBuildFile; fileRef = 86EF2C091D1928B90038B36F /* 首页新鲜热卖 */; };
		86EF2C1E1D1928B90038B36F /* 首页焦点按钮 in Resources */ = {isa = PBXBuildFile; fileRef = 86EF2C0A1D1928B90038B36F /* 首页焦点按钮 */; };
		86EF2C201D1928E10038B36F /* CTConst.swift in Sources */ = {isa = PBXBuildFile; fileRef = 86EF2C1F1D1928E10038B36F /* CTConst.swift */; };
		86EF2C221D192AF10038B36F /* CTHomeViewController.swift in Sources */ = {isa = PBXBuildFile; fileRef = 86EF2C211D192AF10038B36F /* CTHomeViewController.swift */; };
		86EF2C241D192D260038B36F /* CTMainViewController.swift in Sources */ = {isa = PBXBuildFile; fileRef = 86EF2C231D192D260038B36F /* CTMainViewController.swift */; };
		86EF2C261D192E850038B36F /* CTBaseNavigationController.swift in Sources */ = {isa = PBXBuildFile; fileRef = 86EF2C251D192E850038B36F /* CTBaseNavigationController.swift */; };
/* End PBXBuildFile section */

/* Begin PBXFileReference section */
		86EF2BDF1D19259E0038B36F /* LoveFreshBeen.app */ = {isa = PBXFileReference; explicitFileType = wrapper.application; includeInIndex = 0; path = LoveFreshBeen.app; sourceTree = BUILT_PRODUCTS_DIR; };
		86EF2BE21D19259E0038B36F /* AppDelegate.swift */ = {isa = PBXFileReference; lastKnownFileType = sourcecode.swift; path = AppDelegate.swift; sourceTree = "<group>"; };
		86EF2BE91D19259E0038B36F /* Assets.xcassets */ = {isa = PBXFileReference; lastKnownFileType = folder.assetcatalog; path = Assets.xcassets; sourceTree = "<group>"; };
		86EF2BEE1D19259E0038B36F /* Info.plist */ = {isa = PBXFileReference; lastKnownFileType = text.plist.xml; path = Info.plist; sourceTree = "<group>"; };
		86EF2BFA1D1928B90038B36F /* AD */ = {isa = PBXFileReference; fileEncoding = 4; lastKnownFileType = text; path = AD; sourceTree = "<group>"; };
		86EF2BFB1D1928B90038B36F /* FocusURL.plist */ = {isa = PBXFileReference; fileEncoding = 4; lastKnownFileType = text.plist.xml; path = FocusURL.plist; sourceTree = "<group>"; };
		86EF2BFC1D1928B90038B36F /* HelpPlist.plist */ = {isa = PBXFileReference; fileEncoding = 4; lastKnownFileType = text.plist.xml; path = HelpPlist.plist; sourceTree = "<group>"; };
		86EF2BFD1D1928B90038B36F /* Mine */ = {isa = PBXFileReference; fileEncoding = 4; lastKnownFileType = text; path = Mine; sourceTree = "<group>"; };
		86EF2BFE1D1928B90038B36F /* MinePlist.plist */ = {isa = PBXFileReference; fileEncoding = 4; lastKnownFileType = text.plist.xml; path = MinePlist.plist; sourceTree = "<group>"; };
		86EF2BFF1D1928B90038B36F /* MyAdress */ = {isa = PBXFileReference; fileEncoding = 4; lastKnownFileType = text; path = MyAdress; sourceTree = "<group>"; };
		86EF2C001D1928B90038B36F /* MyCoupon */ = {isa = PBXFileReference; fileEncoding = 4; lastKnownFileType = text; path = MyCoupon; sourceTree = "<group>"; };
		86EF2C011D1928B90038B36F /* MyOrders */ = {isa = PBXFileReference; fileEncoding = 4; lastKnownFileType = text; path = MyOrders; sourceTree = "<group>"; };
		86EF2C021D1928B90038B36F /* Search */ = {isa = PBXFileReference; fileEncoding = 4; lastKnownFileType = text; path = Search; sourceTree = "<group>"; };
		86EF2C031D1928B90038B36F /* SearchProduct */ = {isa = PBXFileReference; fileEncoding = 4; lastKnownFileType = text; path = SearchProduct; sourceTree = "<group>"; };
		86EF2C041D1928B90038B36F /* supermarket */ = {isa = PBXFileReference; fileEncoding = 4; lastKnownFileType = text; path = supermarket; sourceTree = "<group>"; };
		86EF2C051D1928B90038B36F /* SystemMessage */ = {isa = PBXFileReference; fileEncoding = 4; lastKnownFileType = text; path = SystemMessage; sourceTree = "<group>"; };
		86EF2C061D1928B90038B36F /* UserMessage */ = {isa = PBXFileReference; fileEncoding = 4; lastKnownFileType = text; path = UserMessage; sourceTree = "<group>"; };
		86EF2C071D1928B90038B36F /* 促销 */ = {isa = PBXFileReference; fileEncoding = 4; lastKnownFileType = text; path = "促销"; sourceTree = "<group>"; };
		86EF2C081D1928B90038B36F /* 系统消息 */ = {isa = PBXFileReference; fileEncoding = 4; lastKnownFileType = text; path = "系统消息"; sourceTree = "<group>"; };
		86EF2C091D1928B90038B36F /* 首页新鲜热卖 */ = {isa = PBXFileReference; fileEncoding = 4; lastKnownFileType = text; path = "首页新鲜热卖"; sourceTree = "<group>"; };
		86EF2C0A1D1928B90038B36F /* 首页焦点按钮 */ = {isa = PBXFileReference; fileEncoding = 4; lastKnownFileType = text; path = "首页焦点按钮"; sourceTree = "<group>"; };
		86EF2C1F1D1928E10038B36F /* CTConst.swift */ = {isa = PBXFileReference; fileEncoding = 4; lastKnownFileType = sourcecode.swift; path = CTConst.swift; sourceTree = "<group>"; };
		86EF2C211D192AF10038B36F /* CTHomeViewController.swift */ = {isa = PBXFileReference; fileEncoding = 4; lastKnownFileType = sourcecode.swift; path = CTHomeViewController.swift; sourceTree = "<group>"; };
		86EF2C231D192D260038B36F /* CTMainViewController.swift */ = {isa = PBXFileReference; fileEncoding = 4; lastKnownFileType = sourcecode.swift; path = CTMainViewController.swift; sourceTree = "<group>"; };
		86EF2C251D192E850038B36F /* CTBaseNavigationController.swift */ = {isa = PBXFileReference; fileEncoding = 4; lastKnownFileType = sourcecode.swift; path = CTBaseNavigationController.swift; sourceTree = "<group>"; };
/* End PBXFileReference section */

/* Begin PBXFrameworksBuildPhase section */
		86EF2BDC1D19259E0038B36F /* Frameworks */ = {
			isa = PBXFrameworksBuildPhase;
			buildActionMask = 2147483647;
			files = (
			);
			runOnlyForDeploymentPostprocessing = 0;
		};
/* End PBXFrameworksBuildPhase section */

/* Begin PBXGroup section */
		86EF2BD61D19259E0038B36F = {
			isa = PBXGroup;
			children = (
				86EF2BE11D19259E0038B36F /* LoveFreshBeen */,
				86EF2BE01D19259E0038B36F /* Products */,
			);
			sourceTree = "<group>";
		};
		86EF2BE01D19259E0038B36F /* Products */ = {
			isa = PBXGroup;
			children = (
				86EF2BDF1D19259E0038B36F /* LoveFreshBeen.app */,
			);
			name = Products;
			sourceTree = "<group>";
		};
		86EF2BE11D19259E0038B36F /* LoveFreshBeen */ = {
			isa = PBXGroup;
			children = (
				86EF2BE21D19259E0038B36F /* AppDelegate.swift */,
				86EF2BF41D1928B90038B36F /* Classes */,
				86EF2BE91D19259E0038B36F /* Assets.xcassets */,
				86EF2BEE1D19259E0038B36F /* Info.plist */,
			);
			path = LoveFreshBeen;
			sourceTree = "<group>";
		};
		86EF2BF41D1928B90038B36F /* Classes */ = {
			isa = PBXGroup;
			children = (
				86EF2BF51D1928B90038B36F /* CTLBFBase */,
				86EF2BF61D1928B90038B36F /* Home */,
				86EF2BF71D1928B90038B36F /* Other */,
				86EF2BF81D1928B90038B36F /* Profile */,
				86EF2BF91D1928B90038B36F /* Resouce */,
				86EF2C0B1D1928B90038B36F /* ShopCar */,
				86EF2C0C1D1928B90038B36F /* SuperMarket */,
				86EF2C0D1D1928B90038B36F /* Tools */,
			);
			path = Classes;
			sourceTree = "<group>";
		};
		86EF2BF51D1928B90038B36F /* CTLBFBase */ = {
			isa = PBXGroup;
			children = (
				86EF2C231D192D260038B36F /* CTMainViewController.swift */,
				86EF2C251D192E850038B36F /* CTBaseNavigationController.swift */,
			);
			path = CTLBFBase;
			sourceTree = "<group>";
		};
		86EF2BF61D1928B90038B36F /* Home */ = {
			isa = PBXGroup;
			children = (
				86EF2C211D192AF10038B36F /* CTHomeViewController.swift */,
			);
			path = Home;
			sourceTree = "<group>";
		};
		86EF2BF71D1928B90038B36F /* Other */ = {
			isa = PBXGroup;
			children = (
				86EF2C1F1D1928E10038B36F /* CTConst.swift */,
			);
			path = Other;
			sourceTree = "<group>";
		};
		86EF2BF81D1928B90038B36F /* Profile */ = {
			isa = PBXGroup;
			children = (
			);
			path = Profile;
			sourceTree = "<group>";
		};
		86EF2BF91D1928B90038B36F /* Resouce */ = {
			isa = PBXGroup;
			children = (
				86EF2BFA1D1928B90038B36F /* AD */,
				86EF2BFB1D1928B90038B36F /* FocusURL.plist */,
				86EF2BFC1D1928B90038B36F /* HelpPlist.plist */,
				86EF2BFD1D1928B90038B36F /* Mine */,
				86EF2BFE1D1928B90038B36F /* MinePlist.plist */,
				86EF2BFF1D1928B90038B36F /* MyAdress */,
				86EF2C001D1928B90038B36F /* MyCoupon */,
				86EF2C011D1928B90038B36F /* MyOrders */,
				86EF2C021D1928B90038B36F /* Search */,
				86EF2C031D1928B90038B36F /* SearchProduct */,
				86EF2C041D1928B90038B36F /* supermarket */,
				86EF2C051D1928B90038B36F /* SystemMessage */,
				86EF2C061D1928B90038B36F /* UserMessage */,
				86EF2C071D1928B90038B36F /* 促销 */,
				86EF2C081D1928B90038B36F /* 系统消息 */,
				86EF2C091D1928B90038B36F /* 首页新鲜热卖 */,
				86EF2C0A1D1928B90038B36F /* 首页焦点按钮 */,
			);
			path = Resouce;
			sourceTree = "<group>";
		};
		86EF2C0B1D1928B90038B36F /* ShopCar */ = {
			isa = PBXGroup;
			children = (
			);
			path = ShopCar;
			sourceTree = "<group>";
		};
		86EF2C0C1D1928B90038B36F /* SuperMarket */ = {
			isa = PBXGroup;
			children = (
			);
			path = SuperMarket;
			sourceTree = "<group>";
		};
		86EF2C0D1D1928B90038B36F /* Tools */ = {
			isa = PBXGroup;
			children = (
			);
			path = Tools;
			sourceTree = "<group>";
		};
/* End PBXGroup section */

/* Begin PBXNativeTarget section */
		86EF2BDE1D19259E0038B36F /* LoveFreshBeen */ = {
			isa = PBXNativeTarget;
			buildConfigurationList = 86EF2BF11D19259E0038B36F /* Build configuration list for PBXNativeTarget "LoveFreshBeen" */;
			buildPhases = (
				86EF2BDB1D19259E0038B36F /* Sources */,
				86EF2BDC1D19259E0038B36F /* Frameworks */,
				86EF2BDD1D19259E0038B36F /* Resources */,
			);
			buildRules = (
			);
			dependencies = (
			);
			name = LoveFreshBeen;
			productName = LoveFreshBeen;
			productReference = 86EF2BDF1D19259E0038B36F /* LoveFreshBeen.app */;
			productType = "com.apple.product-type.application";
		};
/* End PBXNativeTarget section */

/* Begin PBXProject section */
		86EF2BD71D19259E0038B36F /* Project object */ = {
			isa = PBXProject;
			attributes = {
				CLASSPREFIX = CT;
				LastSwiftUpdateCheck = 0720;
				LastUpgradeCheck = 0720;
				ORGANIZATIONNAME = CT;
				TargetAttributes = {
					86EF2BDE1D19259E0038B36F = {
						CreatedOnToolsVersion = 7.2.1;
						DevelopmentTeam = 3LY7Y87SYG;
					};
				};
			};
			buildConfigurationList = 86EF2BDA1D19259E0038B36F /* Build configuration list for PBXProject "LoveFreshBeen" */;
			compatibilityVersion = "Xcode 3.2";
			developmentRegion = English;
			hasScannedForEncodings = 0;
			knownRegions = (
				en,
				Base,
			);
			mainGroup = 86EF2BD61D19259E0038B36F;
			productRefGroup = 86EF2BE01D19259E0038B36F /* Products */;
			projectDirPath = "";
			projectRoot = "";
			targets = (
				86EF2BDE1D19259E0038B36F /* LoveFreshBeen */,
			);
		};
/* End PBXProject section */

/* Begin PBXResourcesBuildPhase section */
		86EF2BDD1D19259E0038B36F /* Resources */ = {
			isa = PBXResourcesBuildPhase;
			buildActionMask = 2147483647;
			files = (
				86EF2C1D1D1928B90038B36F /* 首页新鲜热卖 in Resources */,
				86EF2C1B1D1928B90038B36F /* 促销 in Resources */,
				86EF2C161D1928B90038B36F /* Search in Resources */,
				86EF2C171D1928B90038B36F /* SearchProduct in Resources */,
				86EF2C191D1928B90038B36F /* SystemMessage in Resources */,
				86EF2C151D1928B90038B36F /* MyOrders in Resources */,
				86EF2C1C1D1928B90038B36F /* 系统消息 in Resources */,
				86EF2C131D1928B90038B36F /* MyAdress in Resources */,
				86EF2C1A1D1928B90038B36F /* UserMessage in Resources */,
				86EF2C121D1928B90038B36F /* MinePlist.plist in Resources */,
				86EF2C141D1928B90038B36F /* MyCoupon in Resources */,
				86EF2BEA1D19259E0038B36F /* Assets.xcassets in Resources */,
				86EF2C0F1D1928B90038B36F /* FocusURL.plist in Resources */,
				86EF2C101D1928B90038B36F /* HelpPlist.plist in Resources */,
				86EF2C0E1D1928B90038B36F /* AD in Resources */,
				86EF2C1E1D1928B90038B36F /* 首页焦点按钮 in Resources */,
				86EF2C181D1928B90038B36F /* supermarket in Resources */,
				86EF2C111D1928B90038B36F /* Mine in Resources */,
			);
			runOnlyForDeploymentPostprocessing = 0;
		};
/* End PBXResourcesBuildPhase section */

/* Begin PBXSourcesBuildPhase section */
		86EF2BDB1D19259E0038B36F /* Sources */ = {
			isa = PBXSourcesBuildPhase;
			buildActionMask = 2147483647;
			files = (
				86EF2C241D192D260038B36F /* CTMainViewController.swift in Sources */,
				86EF2C201D1928E10038B36F /* CTConst.swift in Sources */,
				86EF2C221D192AF10038B36F /* CTHomeViewController.swift in Sources */,
				86EF2C261D192E850038B36F /* CTBaseNavigationController.swift in Sources */,
				86EF2BE31D19259E0038B36F /* AppDelegate.swift in Sources */,
			);
			runOnlyForDeploymentPostprocessing = 0;
		};
/* End PBXSourcesBuildPhase section */

/* Begin XCBuildConfiguration section */
		86EF2BEF1D19259E0038B36F /* Debug */ = {
			isa = XCBuildConfiguration;
			buildSettings = {
				ALWAYS_SEARCH_USER_PATHS = NO;
				CLANG_CXX_LANGUAGE_STANDARD = "gnu++0x";
				CLANG_CXX_LIBRARY = "libc++";
				CLANG_ENABLE_MODULES = YES;
				CLANG_ENABLE_OBJC_ARC = YES;
				CLANG_WARN_BOOL_CONVERSION = YES;
				CLANG_WARN_CONSTANT_CONVERSION = YES;
				CLANG_WARN_DIRECT_OBJC_ISA_USAGE = YES_ERROR;
				CLANG_WARN_EMPTY_BODY = YES;
				CLANG_WARN_ENUM_CONVERSION = YES;
				CLANG_WARN_INT_CONVERSION = YES;
				CLANG_WARN_OBJC_ROOT_CLASS = YES_ERROR;
				CLANG_WARN_UNREACHABLE_CODE = YES;
				CLANG_WARN__DUPLICATE_METHOD_MATCH = YES;
				"CODE_SIGN_IDENTITY[sdk=iphoneos*]" = "iPhone Developer";
				COPY_PHASE_STRIP = NO;
				DEBUG_INFORMATION_FORMAT = dwarf;
				ENABLE_STRICT_OBJC_MSGSEND = YES;
				ENABLE_TESTABILITY = YES;
				GCC_C_LANGUAGE_STANDARD = gnu99;
				GCC_DYNAMIC_NO_PIC = NO;
				GCC_NO_COMMON_BLOCKS = YES;
				GCC_OPTIMIZATION_LEVEL = 0;
				GCC_PREPROCESSOR_DEFINITIONS = (
					"DEBUG=1",
					"$(inherited)",
				);
				GCC_WARN_64_TO_32_BIT_CONVERSION = YES;
				GCC_WARN_ABOUT_RETURN_TYPE = YES_ERROR;
				GCC_WARN_UNDECLARED_SELECTOR = YES;
				GCC_WARN_UNINITIALIZED_AUTOS = YES_AGGRESSIVE;
				GCC_WARN_UNUSED_FUNCTION = YES;
				GCC_WARN_UNUSED_VARIABLE = YES;
				IPHONEOS_DEPLOYMENT_TARGET = 9.2;
				MTL_ENABLE_DEBUG_INFO = YES;
				ONLY_ACTIVE_ARCH = YES;
				SDKROOT = iphoneos;
				SWIFT_OPTIMIZATION_LEVEL = "-Onone";
			};
			name = Debug;
		};
		86EF2BF01D19259E0038B36F /* Release */ = {
			isa = XCBuildConfiguration;
			buildSettings = {
				ALWAYS_SEARCH_USER_PATHS = NO;
				CLANG_CXX_LANGUAGE_STANDARD = "gnu++0x";
				CLANG_CXX_LIBRARY = "libc++";
				CLANG_ENABLE_MODULES = YES;
				CLANG_ENABLE_OBJC_ARC = YES;
				CLANG_WARN_BOOL_CONVERSION = YES;
				CLANG_WARN_CONSTANT_CONVERSION = YES;
				CLANG_WARN_DIRECT_OBJC_ISA_USAGE = YES_ERROR;
				CLANG_WARN_EMPTY_BODY = YES;
				CLANG_WARN_ENUM_CONVERSION = YES;
				CLANG_WARN_INT_CONVERSION = YES;
				CLANG_WARN_OBJC_ROOT_CLASS = YES_ERROR;
				CLANG_WARN_UNREACHABLE_CODE = YES;
				CLANG_WARN__DUPLICATE_METHOD_MATCH = YES;
				"CODE_SIGN_IDENTITY[sdk=iphoneos*]" = "iPhone Developer";
				COPY_PHASE_STRIP = NO;
				DEBUG_INFORMATION_FORMAT = "dwarf-with-dsym";
				ENABLE_NS_ASSERTIONS = NO;
				ENABLE_STRICT_OBJC_MSGSEND = YES;
				GCC_C_LANGUAGE_STANDARD = gnu99;
				GCC_NO_COMMON_BLOCKS = YES;
				GCC_WARN_64_TO_32_BIT_CONVERSION = YES;
				GCC_WARN_ABOUT_RETURN_TYPE = YES_ERROR;
				GCC_WARN_UNDECLARED_SELECTOR = YES;
				GCC_WARN_UNINITIALIZED_AUTOS = YES_AGGRESSIVE;
				GCC_WARN_UNUSED_FUNCTION = YES;
				GCC_WARN_UNUSED_VARIABLE = YES;
				IPHONEOS_DEPLOYMENT_TARGET = 9.2;
				MTL_ENABLE_DEBUG_INFO = NO;
				SDKROOT = iphoneos;
				VALIDATE_PRODUCT = YES;
			};
			name = Release;
		};
		86EF2BF21D19259E0038B36F /* Debug */ = {
			isa = XCBuildConfiguration;
			buildSettings = {
				ASSETCATALOG_COMPILER_APPICON_NAME = AppIcon;
				ASSETCATALOG_COMPILER_LAUNCHIMAGE_NAME = "Brand Assets";
				INFOPLIST_FILE = LoveFreshBeen/Info.plist;
				IPHONEOS_DEPLOYMENT_TARGET = 8.0;
				LD_RUNPATH_SEARCH_PATHS = "$(inherited) @executable_path/Frameworks";
				PRODUCT_BUNDLE_IDENTIFIER = com.LP.LoveFreshBeen;
				PRODUCT_NAME = "$(TARGET_NAME)";
			};
			name = Debug;
		};
		86EF2BF31D19259E0038B36F /* Release */ = {
			isa = XCBuildConfiguration;
			buildSettings = {
				ASSETCATALOG_COMPILER_APPICON_NAME = AppIcon;
				ASSETCATALOG_COMPILER_LAUNCHIMAGE_NAME = "Brand Assets";
				INFOPLIST_FILE = LoveFreshBeen/Info.plist;
				IPHONEOS_DEPLOYMENT_TARGET = 8.0;
				LD_RUNPATH_SEARCH_PATHS = "$(inherited) @executable_path/Frameworks";
				PRODUCT_BUNDLE_IDENTIFIER = com.LP.LoveFreshBeen;
				PRODUCT_NAME = "$(TARGET_NAME)";
			};
			name = Release;
		};
/* End XCBuildConfiguration section */

/* Begin XCConfigurationList section */
		86EF2BDA1D19259E0038B36F /* Build configuration list for PBXProject "LoveFreshBeen" */ = {
			isa = XCConfigurationList;
			buildConfigurations = (
				86EF2BEF1D19259E0038B36F /* Debug */,
				86EF2BF01D19259E0038B36F /* Release */,
			);
			defaultConfigurationIsVisible = 0;
			defaultConfigurationName = Release;
		};
		86EF2BF11D19259E0038B36F /* Build configuration list for PBXNativeTarget "LoveFreshBeen" */ = {
			isa = XCConfigurationList;
			buildConfigurations = (
				86EF2BF21D19259E0038B36F /* Debug */,
				86EF2BF31D19259E0038B36F /* Release */,
			);
			defaultConfigurationIsVisible = 0;
		};
/* End XCConfigurationList section */
	};
	rootObject = 86EF2BD71D19259E0038B36F /* Project object */;
}
